<Solution>
  <Folder Name="/src/">
    <Project Path="src/GoodPlays.Api/GoodPlays.Api.csproj" />
    <Project Path="src/GoodPlays.Domain/GoodPlays.Domain.csproj" />
    <Project Path="src/GoodPlays.Infrastructure/GoodPlays.Infrastructure.csproj" />
    <Project Path="src/GoodPlays.Ml/GoodPlays.Ml.csproj" />
  </Folder>
  <Folder Name="/tests/">
    <Project Path="tests/GoodPlays.Tests/GoodPlays.Tests.csproj" />
  </Folder>
</Solution>
